
Microsoft Visual Studio Solution File, Format Version 12.00
# Visual Studio Version 16
VisualStudioVersion = 16.0.31911.196
MinimumVisualStudioVersion = 10.0.40219.1
Project("{FAE04EC0-301F-11D3-BF4B-00C04F79EFBC}") = "day1", "day1.csproj", "{5C445895-2C72-4755-99EC-ADEA0786F6F3}"
EndProject
Global
	GlobalSection(SolutionConfigurationPlatforms) = preSolution
		Debug|Any CPU = Debug|Any CPU
		Release|Any CPU = Release|Any CPU
	EndGlobalSection
	GlobalSection(ProjectConfigurationPlatforms) = postSolution
		{5C445895-2C72-4755-99EC-ADEA0786F6F3}.Debug|Any CPU.ActiveCfg = Debug|Any CPU
		{5C445895-2C72-4755-99EC-ADEA0786F6F3}.Debug|Any CPU.Build.0 = Debug|Any CPU
		{5C445895-2C72-4755-99EC-ADEA0786F6F3}.Release|Any CPU.ActiveCfg = Release|Any CPU
		{5C445895-2C72-4755-99EC-ADEA0786F6F3}.Release|Any CPU.Build.0 = Release|Any CPU
	EndGlobalSection
	GlobalSection(SolutionProperties) = preSolution
		HideSolutionNode = FALSE
	EndGlobalSection
	GlobalSection(ExtensibilityGlobals) = postSolution
		SolutionGuid = {26ECBD7A-66A3-4755-8BA9-9CD6C89D70FA}
	EndGlobalSection
EndGlobal
